// !$*UTF8*$!
{
	archiveVersion = 1;
	classes = {
	};
	objectVersion = 55;
	objects = {

/* Begin PBXBuildFile section */
		E35BC501280E045E00D72121 /* Cook_BookApp.swift in Sources */ = {isa = PBXBuildFile; fileRef = E35BC500280E045E00D72121 /* Cook_BookApp.swift */; };
		E35BC505280E045F00D72121 /* Assets.xcassets in Resources */ = {isa = PBXBuildFile; fileRef = E35BC504280E045F00D72121 /* Assets.xcassets */; };
		E35BC508280E045F00D72121 /* Preview Assets.xcassets in Resources */ = {isa = PBXBuildFile; fileRef = E35BC507280E045F00D72121 /* Preview Assets.xcassets */; };
		E35BC512280E046000D72121 /* Cook_BookTests.swift in Sources */ = {isa = PBXBuildFile; fileRef = E35BC511280E046000D72121 /* Cook_BookTests.swift */; };
		E35BC51C280E046000D72121 /* Cook_BookUITests.swift in Sources */ = {isa = PBXBuildFile; fileRef = E35BC51B280E046000D72121 /* Cook_BookUITests.swift */; };
		E35BC51E280E046000D72121 /* Cook_BookUITestsLaunchTests.swift in Sources */ = {isa = PBXBuildFile; fileRef = E35BC51D280E046000D72121 /* Cook_BookUITestsLaunchTests.swift */; };
		E35BC52B280E053500D72121 /* HomeView.swift in Sources */ = {isa = PBXBuildFile; fileRef = E35BC52A280E053500D72121 /* HomeView.swift */; };
		E35BC52D280E055100D72121 /* NewBookView.swift in Sources */ = {isa = PBXBuildFile; fileRef = E35BC52C280E055100D72121 /* NewBookView.swift */; };
		E35BC52F280E05B500D72121 /* HomeViewModel.swift in Sources */ = {isa = PBXBuildFile; fileRef = E35BC52E280E05B500D72121 /* HomeViewModel.swift */; };
/* End PBXBuildFile section */

/* Begin PBXContainerItemProxy section */
		E35BC50E280E046000D72121 /* PBXContainerItemProxy */ = {
			isa = PBXContainerItemProxy;
			containerPortal = E35BC4F5280E045E00D72121 /* Project object */;
			proxyType = 1;
			remoteGlobalIDString = E35BC4FC280E045E00D72121;
			remoteInfo = "Cook Book";
		};
		E35BC518280E046000D72121 /* PBXContainerItemProxy */ = {
			isa = PBXContainerItemProxy;
			containerPortal = E35BC4F5280E045E00D72121 /* Project object */;
			proxyType = 1;
			remoteGlobalIDString = E35BC4FC280E045E00D72121;
			remoteInfo = "Cook Book";
		};
/* End PBXContainerItemProxy section */

/* Begin PBXFileReference section */
		E35BC4FD280E045E00D72121 /* Cook Book.app */ = {isa = PBXFileReference; explicitFileType = wrapper.application; includeInIndex = 0; path = "Cook Book.app"; sourceTree = BUILT_PRODUCTS_DIR; };
		E35BC500280E045E00D72121 /* Cook_BookApp.swift */ = {isa = PBXFileReference; lastKnownFileType = sourcecode.swift; path = Cook_BookApp.swift; sourceTree = "<group>"; };
		E35BC504280E045F00D72121 /* Assets.xcassets */ = {isa = PBXFileReference; lastKnownFileType = folder.assetcatalog; path = Assets.xcassets; sourceTree = "<group>"; };
		E35BC507280E045F00D72121 /* Preview Assets.xcassets */ = {isa = PBXFileReference; lastKnownFileType = folder.assetcatalog; path = "Preview Assets.xcassets"; sourceTree = "<group>"; };
		E35BC50D280E046000D72121 /* Cook BookTests.xctest */ = {isa = PBXFileReference; explicitFileType = wrapper.cfbundle; includeInIndex = 0; path = "Cook BookTests.xctest"; sourceTree = BUILT_PRODUCTS_DIR; };
		E35BC511280E046000D72121 /* Cook_BookTests.swift */ = {isa = PBXFileReference; lastKnownFileType = sourcecode.swift; path = Cook_BookTests.swift; sourceTree = "<group>"; };
		E35BC517280E046000D72121 /* Cook BookUITests.xctest */ = {isa = PBXFileReference; explicitFileType = wrapper.cfbundle; includeInIndex = 0; path = "Cook BookUITests.xctest"; sourceTree = BUILT_PRODUCTS_DIR; };
		E35BC51B280E046000D72121 /* Cook_BookUITests.swift */ = {isa = PBXFileReference; lastKnownFileType = sourcecode.swift; path = Cook_BookUITests.swift; sourceTree = "<group>"; };
		E35BC51D280E046000D72121 /* Cook_BookUITestsLaunchTests.swift */ = {isa = PBXFileReference; lastKnownFileType = sourcecode.swift; path = Cook_BookUITestsLaunchTests.swift; sourceTree = "<group>"; };
		E35BC52A280E053500D72121 /* HomeView.swift */ = {isa = PBXFileReference; lastKnownFileType = sourcecode.swift; path = HomeView.swift; sourceTree = "<group>"; };
		E35BC52C280E055100D72121 /* NewBookView.swift */ = {isa = PBXFileReference; lastKnownFileType = sourcecode.swift; path = NewBookView.swift; sourceTree = "<group>"; };
		E35BC52E280E05B500D72121 /* HomeViewModel.swift */ = {isa = PBXFileReference; lastKnownFileType = sourcecode.swift; path = HomeViewModel.swift; sourceTree = "<group>"; };
/* End PBXFileReference section */

/* Begin PBXFrameworksBuildPhase section */
		E35BC4FA280E045E00D72121 /* Frameworks */ = {
			isa = PBXFrameworksBuildPhase;
			buildActionMask = 2147483647;
			files = (
			);
			runOnlyForDeploymentPostprocessing = 0;
		};
		E35BC50A280E046000D72121 /* Frameworks */ = {
			isa = PBXFrameworksBuildPhase;
			buildActionMask = 2147483647;
			files = (
			);
			runOnlyForDeploymentPostprocessing = 0;
		};
		E35BC514280E046000D72121 /* Frameworks */ = {
			isa = PBXFrameworksBuildPhase;
			buildActionMask = 2147483647;
			files = (
			);
			runOnlyForDeploymentPostprocessing = 0;
		};
/* End PBXFrameworksBuildPhase section */

/* Begin PBXGroup section */
		E35BC4F4280E045E00D72121 = {
			isa = PBXGroup;
			children = (
				E35BC4FF280E045E00D72121 /* Cook Book */,
				E35BC510280E046000D72121 /* Cook BookTests */,
				E35BC51A280E046000D72121 /* Cook BookUITests */,
				E35BC4FE280E045E00D72121 /* Products */,
			);
			sourceTree = "<group>";
		};
		E35BC4FE280E045E00D72121 /* Products */ = {
			isa = PBXGroup;
			children = (
				E35BC4FD280E045E00D72121 /* Cook Book.app */,
				E35BC50D280E046000D72121 /* Cook BookTests.xctest */,
				E35BC517280E046000D72121 /* Cook BookUITests.xctest */,
			);
			name = Products;
			sourceTree = "<group>";
		};
		E35BC4FF280E045E00D72121 /* Cook Book */ = {
			isa = PBXGroup;
			children = (
				E35BC500280E045E00D72121 /* Cook_BookApp.swift */,
				E35BC530280E05CA00D72121 /* Home */,
				E35BC504280E045F00D72121 /* Assets.xcassets */,
				E35BC506280E045F00D72121 /* Preview Content */,
			);
			path = "Cook Book";
			sourceTree = "<group>";
		};
		E35BC506280E045F00D72121 /* Preview Content */ = {
			isa = PBXGroup;
			children = (
				E35BC507280E045F00D72121 /* Preview Assets.xcassets */,
			);
			path = "Preview Content";
			sourceTree = "<group>";
		};
		E35BC510280E046000D72121 /* Cook BookTests */ = {
			isa = PBXGroup;
			children = (
				E35BC511280E046000D72121 /* Cook_BookTests.swift */,
			);
			path = "Cook BookTests";
			sourceTree = "<group>";
		};
		E35BC51A280E046000D72121 /* Cook BookUITests */ = {
			isa = PBXGroup;
			children = (
				E35BC51B280E046000D72121 /* Cook_BookUITests.swift */,
				E35BC51D280E046000D72121 /* Cook_BookUITestsLaunchTests.swift */,
			);
			path = "Cook BookUITests";
			sourceTree = "<group>";
		};
		E35BC530280E05CA00D72121 /* Home */ = {
			isa = PBXGroup;
			children = (
				E35BC52A280E053500D72121 /* HomeView.swift */,
				E35BC52E280E05B500D72121 /* HomeViewModel.swift */,
				E35BC531280E05DB00D72121 /* New Book */,
			);
			path = Home;
			sourceTree = "<group>";
		};
		E35BC531280E05DB00D72121 /* New Book */ = {
			isa = PBXGroup;
			children = (
				E35BC52C280E055100D72121 /* NewBookView.swift */,
			);
			path = "New Book";
			sourceTree = "<group>";
		};
/* End PBXGroup section */

/* Begin PBXNativeTarget section */
		E35BC4FC280E045E00D72121 /* Cook Book */ = {
			isa = PBXNativeTarget;
			buildConfigurationList = E35BC521280E046000D72121 /* Build configuration list for PBXNativeTarget "Cook Book" */;
			buildPhases = (
				E35BC4F9280E045E00D72121 /* Sources */,
				E35BC4FA280E045E00D72121 /* Frameworks */,
				E35BC4FB280E045E00D72121 /* Resources */,
			);
			buildRules = (
			);
			dependencies = (
			);
			name = "Cook Book";
			productName = "Cook Book";
			productReference = E35BC4FD280E045E00D72121 /* Cook Book.app */;
			productType = "com.apple.product-type.application";
		};
		E35BC50C280E046000D72121 /* Cook BookTests */ = {
			isa = PBXNativeTarget;
			buildConfigurationList = E35BC524280E046000D72121 /* Build configuration list for PBXNativeTarget "Cook BookTests" */;
			buildPhases = (
				E35BC509280E046000D72121 /* Sources */,
				E35BC50A280E046000D72121 /* Frameworks */,
				E35BC50B280E046000D72121 /* Resources */,
			);
			buildRules = (
			);
			dependencies = (
				E35BC50F280E046000D72121 /* PBXTargetDependency */,
			);
			name = "Cook BookTests";
			productName = "Cook BookTests";
			productReference = E35BC50D280E046000D72121 /* Cook BookTests.xctest */;
			productType = "com.apple.product-type.bundle.unit-test";
		};
		E35BC516280E046000D72121 /* Cook BookUITests */ = {
			isa = PBXNativeTarget;
			buildConfigurationList = E35BC527280E046000D72121 /* Build configuration list for PBXNativeTarget "Cook BookUITests" */;
			buildPhases = (
				E35BC513280E046000D72121 /* Sources */,
				E35BC514280E046000D72121 /* Frameworks */,
				E35BC515280E046000D72121 /* Resources */,
			);
			buildRules = (
			);
			dependencies = (
				E35BC519280E046000D72121 /* PBXTargetDependency */,
			);
			name = "Cook BookUITests";
			productName = "Cook BookUITests";
			productReference = E35BC517280E046000D72121 /* Cook BookUITests.xctest */;
			productType = "com.apple.product-type.bundle.ui-testing";
		};
/* End PBXNativeTarget section */

/* Begin PBXProject section */
		E35BC4F5280E045E00D72121 /* Project object */ = {
			isa = PBXProject;
			attributes = {
				BuildIndependentTargetsInParallel = 1;
				LastSwiftUpdateCheck = 1330;
				LastUpgradeCheck = 1330;
				TargetAttributes = {
					E35BC4FC280E045E00D72121 = {
						CreatedOnToolsVersion = 13.3.1;
					};
					E35BC50C280E046000D72121 = {
						CreatedOnToolsVersion = 13.3.1;
						TestTargetID = E35BC4FC280E045E00D72121;
					};
					E35BC516280E046000D72121 = {
						CreatedOnToolsVersion = 13.3.1;
						TestTargetID = E35BC4FC280E045E00D72121;
					};
				};
			};
			buildConfigurationList = E35BC4F8280E045E00D72121 /* Build configuration list for PBXProject "Cook Book" */;
			compatibilityVersion = "Xcode 13.0";
			developmentRegion = en;
			hasScannedForEncodings = 0;
			knownRegions = (
				en,
				Base,
			);
			mainGroup = E35BC4F4280E045E00D72121;
			productRefGroup = E35BC4FE280E045E00D72121 /* Products */;
			projectDirPath = "";
			projectRoot = "";
			targets = (
				E35BC4FC280E045E00D72121 /* Cook Book */,
				E35BC50C280E046000D72121 /* Cook BookTests */,
				E35BC516280E046000D72121 /* Cook BookUITests */,
			);
		};
/* End PBXProject section */

/* Begin PBXResourcesBuildPhase section */
		E35BC4FB280E045E00D72121 /* Resources */ = {
			isa = PBXResourcesBuildPhase;
			buildActionMask = 2147483647;
			files = (
				E35BC508280E045F00D72121 /* Preview Assets.xcassets in Resources */,
				E35BC505280E045F00D72121 /* Assets.xcassets in Resources */,
			);
			runOnlyForDeploymentPostprocessing = 0;
		};
		E35BC50B280E046000D72121 /* Resources */ = {
			isa = PBXResourcesBuildPhase;
			buildActionMask = 2147483647;
			files = (
			);
			runOnlyForDeploymentPostprocessing = 0;
		};
		E35BC515280E046000D72121 /* Resources */ = {
			isa = PBXResourcesBuildPhase;
			buildActionMask = 2147483647;
			files = (
			);
			runOnlyForDeploymentPostprocessing = 0;
		};
/* End PBXResourcesBuildPhase section */

/* Begin PBXSourcesBuildPhase section */
		E35BC4F9280E045E00D72121 /* Sources */ = {
			isa = PBXSourcesBuildPhase;
			buildActionMask = 2147483647;
			files = (
				E35BC52D280E055100D72121 /* NewBookView.swift in Sources */,
				E35BC52B280E053500D72121 /* HomeView.swift in Sources */,
				E35BC501280E045E00D72121 /* Cook_BookApp.swift in Sources */,
				E35BC52F280E05B500D72121 /* HomeViewModel.swift in Sources */,
			);
			runOnlyForDeploymentPostprocessing = 0;
		};
		E35BC509280E046000D72121 /* Sources */ = {
			isa = PBXSourcesBuildPhase;
			buildActionMask = 2147483647;
			files = (
				E35BC512280E046000D72121 /* Cook_BookTests.swift in Sources */,
			);
			runOnlyForDeploymentPostprocessing = 0;
		};
		E35BC513280E046000D72121 /* Sources */ = {
			isa = PBXSourcesBuildPhase;
			buildActionMask = 2147483647;
			files = (
				E35BC51C280E046000D72121 /* Cook_BookUITests.swift in Sources */,
				E35BC51E280E046000D72121 /* Cook_BookUITestsLaunchTests.swift in Sources */,
			);
			runOnlyForDeploymentPostprocessing = 0;
		};
/* End PBXSourcesBuildPhase section */

/* Begin PBXTargetDependency section */
		E35BC50F280E046000D72121 /* PBXTargetDependency */ = {
			isa = PBXTargetDependency;
			target = E35BC4FC280E045E00D72121 /* Cook Book */;
			targetProxy = E35BC50E280E046000D72121 /* PBXContainerItemProxy */;
		};
		E35BC519280E046000D72121 /* PBXTargetDependency */ = {
			isa = PBXTargetDependency;
			target = E35BC4FC280E045E00D72121 /* Cook Book */;
			targetProxy = E35BC518280E046000D72121 /* PBXContainerItemProxy */;
		};
/* End PBXTargetDependency section */

/* Begin XCBuildConfiguration section */
		E35BC51F280E046000D72121 /* Debug */ = {
			isa = XCBuildConfiguration;
			buildSettings = {
				ALWAYS_SEARCH_USER_PATHS = NO;
				CLANG_ANALYZER_NONNULL = YES;
				CLANG_ANALYZER_NUMBER_OBJECT_CONVERSION = YES_AGGRESSIVE;
				CLANG_CXX_LANGUAGE_STANDARD = "gnu++17";
				CLANG_ENABLE_MODULES = YES;
				CLANG_ENABLE_OBJC_ARC = YES;
				CLANG_ENABLE_OBJC_WEAK = YES;
				CLANG_WARN_BLOCK_CAPTURE_AUTORELEASING = YES;
				CLANG_WARN_BOOL_CONVERSION = YES;
				CLANG_WARN_COMMA = YES;
				CLANG_WARN_CONSTANT_CONVERSION = YES;
				CLANG_WARN_DEPRECATED_OBJC_IMPLEMENTATIONS = YES;
				CLANG_WARN_DIRECT_OBJC_ISA_USAGE = YES_ERROR;
				CLANG_WARN_DOCUMENTATION_COMMENTS = YES;
				CLANG_WARN_EMPTY_BODY = YES;
				CLANG_WARN_ENUM_CONVERSION = YES;
				CLANG_WARN_INFINITE_RECURSION = YES;
				CLANG_WARN_INT_CONVERSION = YES;
				CLANG_WARN_NON_LITERAL_NULL_CONVERSION = YES;
				CLANG_WARN_OBJC_IMPLICIT_RETAIN_SELF = YES;
				CLANG_WARN_OBJC_LITERAL_CONVERSION = YES;
				CLANG_WARN_OBJC_ROOT_CLASS = YES_ERROR;
				CLANG_WARN_QUOTED_INCLUDE_IN_FRAMEWORK_HEADER = YES;
				CLANG_WARN_RANGE_LOOP_ANALYSIS = YES;
				CLANG_WARN_STRICT_PROTOTYPES = YES;
				CLANG_WARN_SUSPICIOUS_MOVE = YES;
				CLANG_WARN_UNGUARDED_AVAILABILITY = YES_AGGRESSIVE;
				CLANG_WARN_UNREACHABLE_CODE = YES;
				CLANG_WARN__DUPLICATE_METHOD_MATCH = YES;
				COPY_PHASE_STRIP = NO;
				DEBUG_INFORMATION_FORMAT = dwarf;
				ENABLE_STRICT_OBJC_MSGSEND = YES;
				ENABLE_TESTABILITY = YES;
				GCC_C_LANGUAGE_STANDARD = gnu11;
				GCC_DYNAMIC_NO_PIC = NO;
				GCC_NO_COMMON_BLOCKS = YES;
				GCC_OPTIMIZATION_LEVEL = 0;
				GCC_PREPROCESSOR_DEFINITIONS = (
					"DEBUG=1",
					"$(inherited)",
				);
				GCC_WARN_64_TO_32_BIT_CONVERSION = YES;
				GCC_WARN_ABOUT_RETURN_TYPE = YES_ERROR;
				GCC_WARN_UNDECLARED_SELECTOR = YES;
				GCC_WARN_UNINITIALIZED_AUTOS = YES_AGGRESSIVE;
				GCC_WARN_UNUSED_FUNCTION = YES;
				GCC_WARN_UNUSED_VARIABLE = YES;
				IPHONEOS_DEPLOYMENT_TARGET = 15.4;
				MTL_ENABLE_DEBUG_INFO = INCLUDE_SOURCE;
				MTL_FAST_MATH = YES;
				ONLY_ACTIVE_ARCH = YES;
				SDKROOT = iphoneos;
				SWIFT_ACTIVE_COMPILATION_CONDITIONS = DEBUG;
				SWIFT_OPTIMIZATION_LEVEL = "-Onone";
			};
			name = Debug;
		};
		E35BC520280E046000D72121 /* Release */ = {
			isa = XCBuildConfiguration;
			buildSettings = {
				ALWAYS_SEARCH_USER_PATHS = NO;
				CLANG_ANALYZER_NONNULL = YES;
				CLANG_ANALYZER_NUMBER_OBJECT_CONVERSION = YES_AGGRESSIVE;
				CLANG_CXX_LANGUAGE_STANDARD = "gnu++17";
				CLANG_ENABLE_MODULES = YES;
				CLANG_ENABLE_OBJC_ARC = YES;
				CLANG_ENABLE_OBJC_WEAK = YES;
				CLANG_WARN_BLOCK_CAPTURE_AUTORELEASING = YES;
				CLANG_WARN_BOOL_CONVERSION = YES;
				CLANG_WARN_COMMA = YES;
				CLANG_WARN_CONSTANT_CONVERSION = YES;
				CLANG_WARN_DEPRECATED_OBJC_IMPLEMENTATIONS = YES;
				CLANG_WARN_DIRECT_OBJC_ISA_USAGE = YES_ERROR;
				CLANG_WARN_DOCUMENTATION_COMMENTS = YES;
				CLANG_WARN_EMPTY_BODY = YES;
				CLANG_WARN_ENUM_CONVERSION = YES;
				CLANG_WARN_INFINITE_RECURSION = YES;
				CLANG_WARN_INT_CONVERSION = YES;
				CLANG_WARN_NON_LITERAL_NULL_CONVERSION = YES;
				CLANG_WARN_OBJC_IMPLICIT_RETAIN_SELF = YES;
				CLANG_WARN_OBJC_LITERAL_CONVERSION = YES;
				CLANG_WARN_OBJC_ROOT_CLASS = YES_ERROR;
				CLANG_WARN_QUOTED_INCLUDE_IN_FRAMEWORK_HEADER = YES;
				CLANG_WARN_RANGE_LOOP_ANALYSIS = YES;
				CLANG_WARN_STRICT_PROTOTYPES = YES;
				CLANG_WARN_SUSPICIOUS_MOVE = YES;
				CLANG_WARN_UNGUARDED_AVAILABILITY = YES_AGGRESSIVE;
				CLANG_WARN_UNREACHABLE_CODE = YES;
				CLANG_WARN__DUPLICATE_METHOD_MATCH = YES;
				COPY_PHASE_STRIP = NO;
				DEBUG_INFORMATION_FORMAT = "dwarf-with-dsym";
				ENABLE_NS_ASSERTIONS = NO;
				ENABLE_STRICT_OBJC_MSGSEND = YES;
				GCC_C_LANGUAGE_STANDARD = gnu11;
				GCC_NO_COMMON_BLOCKS = YES;
				GCC_WARN_64_TO_32_BIT_CONVERSION = YES;
				GCC_WARN_ABOUT_RETURN_TYPE = YES_ERROR;
				GCC_WARN_UNDECLARED_SELECTOR = YES;
				GCC_WARN_UNINITIALIZED_AUTOS = YES_AGGRESSIVE;
				GCC_WARN_UNUSED_FUNCTION = YES;
				GCC_WARN_UNUSED_VARIABLE = YES;
				IPHONEOS_DEPLOYMENT_TARGET = 15.4;
				MTL_ENABLE_DEBUG_INFO = NO;
				MTL_FAST_MATH = YES;
				SDKROOT = iphoneos;
				SWIFT_COMPILATION_MODE = wholemodule;
				SWIFT_OPTIMIZATION_LEVEL = "-O";
				VALIDATE_PRODUCT = YES;
			};
			name = Release;
		};
		E35BC522280E046000D72121 /* Debug */ = {
			isa = XCBuildConfiguration;
			buildSettings = {
				ASSETCATALOG_COMPILER_APPICON_NAME = AppIcon;
				ASSETCATALOG_COMPILER_GLOBAL_ACCENT_COLOR_NAME = AccentColor;
				CODE_SIGN_STYLE = Automatic;
				CURRENT_PROJECT_VERSION = 1;
				DEVELOPMENT_ASSET_PATHS = "\"Cook Book/Preview Content\"";
				DEVELOPMENT_TEAM = QTL3ZJFVAP;
				ENABLE_PREVIEWS = YES;
				GENERATE_INFOPLIST_FILE = YES;
				INFOPLIST_KEY_UIApplicationSceneManifest_Generation = YES;
				INFOPLIST_KEY_UIApplicationSupportsIndirectInputEvents = YES;
				INFOPLIST_KEY_UILaunchScreen_Generation = YES;
				INFOPLIST_KEY_UISupportedInterfaceOrientations_iPad = "UIInterfaceOrientationPortrait UIInterfaceOrientationPortraitUpsideDown UIInterfaceOrientationLandscapeLeft UIInterfaceOrientationLandscapeRight";
				INFOPLIST_KEY_UISupportedInterfaceOrientations_iPhone = "UIInterfaceOrientationPortrait UIInterfaceOrientationLandscapeLeft UIInterfaceOrientationLandscapeRight";
				LD_RUNPATH_SEARCH_PATHS = (
					"$(inherited)",
					"@executable_path/Frameworks",
				);
				MARKETING_VERSION = 1.0;
				PRODUCT_BUNDLE_IDENTIFIER = "com.thomas.Cook-Book";
				PRODUCT_NAME = "$(TARGET_NAME)";
				SWIFT_EMIT_LOC_STRINGS = YES;
				SWIFT_VERSION = 5.0;
				TARGETED_DEVICE_FAMILY = "1,2";
			};
			name = Debug;
		};
		E35BC523280E046000D72121 /* Release */ = {
			isa = XCBuildConfiguration;
			buildSettings = {
				ASSETCATALOG_COMPILER_APPICON_NAME = AppIcon;
				ASSETCATALOG_COMPILER_GLOBAL_ACCENT_COLOR_NAME = AccentColor;
				CODE_SIGN_STYLE = Automatic;
				CURRENT_PROJECT_VERSION = 1;
				DEVELOPMENT_ASSET_PATHS = "\"Cook Book/Preview Content\"";
				DEVELOPMENT_TEAM = QTL3ZJFVAP;
				ENABLE_PREVIEWS = YES;
				GENERATE_INFOPLIST_FILE = YES;
				INFOPLIST_KEY_UIApplicationSceneManifest_Generation = YES;
				INFOPLIST_KEY_UIApplicationSupportsIndirectInputEvents = YES;
				INFOPLIST_KEY_UILaunchScreen_Generation = YES;
				INFOPLIST_KEY_UISupportedInterfaceOrientations_iPad = "UIInterfaceOrientationPortrait UIInterfaceOrientationPortraitUpsideDown UIInterfaceOrientationLandscapeLeft UIInterfaceOrientationLandscapeRight";
				INFOPLIST_KEY_UISupportedInterfaceOrientations_iPhone = "UIInterfaceOrientationPortrait UIInterfaceOrientationLandscapeLeft UIInterfaceOrientationLandscapeRight";
				LD_RUNPATH_SEARCH_PATHS = (
					"$(inherited)",
					"@executable_path/Frameworks",
				);
				MARKETING_VERSION = 1.0;
				PRODUCT_BUNDLE_IDENTIFIER = "com.thomas.Cook-Book";
				PRODUCT_NAME = "$(TARGET_NAME)";
				SWIFT_EMIT_LOC_STRINGS = YES;
				SWIFT_VERSION = 5.0;
				TARGETED_DEVICE_FAMILY = "1,2";
			};
			name = Release;
		};
		E35BC525280E046000D72121 /* Debug */ = {
			isa = XCBuildConfiguration;
			buildSettings = {
				ALWAYS_EMBED_SWIFT_STANDARD_LIBRARIES = YES;
				BUNDLE_LOADER = "$(TEST_HOST)";
				CODE_SIGN_STYLE = Automatic;
				CURRENT_PROJECT_VERSION = 1;
				DEVELOPMENT_TEAM = QTL3ZJFVAP;
				GENERATE_INFOPLIST_FILE = YES;
				IPHONEOS_DEPLOYMENT_TARGET = 15.4;
				MARKETING_VERSION = 1.0;
				PRODUCT_BUNDLE_IDENTIFIER = "com.thomasgray.Cook-BookTests";
				PRODUCT_NAME = "$(TARGET_NAME)";
				SWIFT_EMIT_LOC_STRINGS = NO;
				SWIFT_VERSION = 5.0;
				TARGETED_DEVICE_FAMILY = "1,2";
				TEST_HOST = "$(BUILT_PRODUCTS_DIR)/Cook Book.app/Cook Book";
			};
			name = Debug;
		};
		E35BC526280E046000D72121 /* Release */ = {
			isa = XCBuildConfiguration;
			buildSettings = {
				ALWAYS_EMBED_SWIFT_STANDARD_LIBRARIES = YES;
				BUNDLE_LOADER = "$(TEST_HOST)";
				CODE_SIGN_STYLE = Automatic;
				CURRENT_PROJECT_VERSION = 1;
				DEVELOPMENT_TEAM = QTL3ZJFVAP;
				GENERATE_INFOPLIST_FILE = YES;
				IPHONEOS_DEPLOYMENT_TARGET = 15.4;
				MARKETING_VERSION = 1.0;
				PRODUCT_BUNDLE_IDENTIFIER = "com.thomasgray.Cook-BookTests";
				PRODUCT_NAME = "$(TARGET_NAME)";
				SWIFT_EMIT_LOC_STRINGS = NO;
				SWIFT_VERSION = 5.0;
				TARGETED_DEVICE_FAMILY = "1,2";
				TEST_HOST = "$(BUILT_PRODUCTS_DIR)/Cook Book.app/Cook Book";
			};
			name = Release;
		};
		E35BC528280E046000D72121 /* Debug */ = {
			isa = XCBuildConfiguration;
			buildSettings = {
				ALWAYS_EMBED_SWIFT_STANDARD_LIBRARIES = YES;
				CODE_SIGN_STYLE = Automatic;
				CURRENT_PROJECT_VERSION = 1;
				DEVELOPMENT_TEAM = QTL3ZJFVAP;
				GENERATE_INFOPLIST_FILE = YES;
				MARKETING_VERSION = 1.0;
				PRODUCT_BUNDLE_IDENTIFIER = "com.thomasgray.Cook-BookUITests";
				PRODUCT_NAME = "$(TARGET_NAME)";
				SWIFT_EMIT_LOC_STRINGS = NO;
				SWIFT_VERSION = 5.0;
				TARGETED_DEVICE_FAMILY = "1,2";
				TEST_TARGET_NAME = "Cook Book";
			};
			name = Debug;
		};
		E35BC529280E046000D72121 /* Release */ = {
			isa = XCBuildConfiguration;
			buildSettings = {
				ALWAYS_EMBED_SWIFT_STANDARD_LIBRARIES = YES;
				CODE_SIGN_STYLE = Automatic;
				CURRENT_PROJECT_VERSION = 1;
				DEVELOPMENT_TEAM = QTL3ZJFVAP;
				GENERATE_INFOPLIST_FILE = YES;
				MARKETING_VERSION = 1.0;
				PRODUCT_BUNDLE_IDENTIFIER = "com.thomasgray.Cook-BookUITests";
				PRODUCT_NAME = "$(TARGET_NAME)";
				SWIFT_EMIT_LOC_STRINGS = NO;
				SWIFT_VERSION = 5.0;
				TARGETED_DEVICE_FAMILY = "1,2";
				TEST_TARGET_NAME = "Cook Book";
			};
			name = Release;
		};
/* End XCBuildConfiguration section */

/* Begin XCConfigurationList section */
		E35BC4F8280E045E00D72121 /* Build configuration list for PBXProject "Cook Book" */ = {
			isa = XCConfigurationList;
			buildConfigurations = (
				E35BC51F280E046000D72121 /* Debug */,
				E35BC520280E046000D72121 /* Release */,
			);
			defaultConfigurationIsVisible = 0;
			defaultConfigurationName = Release;
		};
		E35BC521280E046000D72121 /* Build configuration list for PBXNativeTarget "Cook Book" */ = {
			isa = XCConfigurationList;
			buildConfigurations = (
				E35BC522280E046000D72121 /* Debug */,
				E35BC523280E046000D72121 /* Release */,
			);
			defaultConfigurationIsVisible = 0;
			defaultConfigurationName = Release;
		};
		E35BC524280E046000D72121 /* Build configuration list for PBXNativeTarget "Cook BookTests" */ = {
			isa = XCConfigurationList;
			buildConfigurations = (
				E35BC525280E046000D72121 /* Debug */,
				E35BC526280E046000D72121 /* Release */,
			);
			defaultConfigurationIsVisible = 0;
			defaultConfigurationName = Release;
		};
		E35BC527280E046000D72121 /* Build configuration list for PBXNativeTarget "Cook BookUITests" */ = {
			isa = XCConfigurationList;
			buildConfigurations = (
				E35BC528280E046000D72121 /* Debug */,
				E35BC529280E046000D72121 /* Release */,
			);
			defaultConfigurationIsVisible = 0;
			defaultConfigurationName = Release;
		};
/* End XCConfigurationList section */
	};
	rootObject = E35BC4F5280E045E00D72121 /* Project object */;
}
